
Microsoft Visual Studio Solution File, Format Version 12.00
# Visual Studio Version 17
VisualStudioVersion = 17.11.35312.102
MinimumVisualStudioVersion = 10.0.40219.1
Project("{FAE04EC0-301F-11D3-BF4B-00C04F79EFBC}") = "RabbitMQ", "RabbitMQ.csproj", "{618D9854-2B58-4522-B971-EB837ED9017E}"
EndProject
Global
	GlobalSection(SolutionConfigurationPlatforms) = preSolution
		Debug|Any CPU = Debug|Any CPU
		Release|Any CPU = Release|Any CPU
	EndGlobalSection
	GlobalSection(ProjectConfigurationPlatforms) = postSolution
		{618D9854-2B58-4522-B971-EB837ED9017E}.Debug|Any CPU.ActiveCfg = Debug|Any CPU
		{618D9854-2B58-4522-B971-EB837ED9017E}.Debug|Any CPU.Build.0 = Debug|Any CPU
		{618D9854-2B58-4522-B971-EB837ED9017E}.Release|Any CPU.ActiveCfg = Release|Any CPU
		{618D9854-2B58-4522-B971-EB837ED9017E}.Release|Any CPU.Build.0 = Release|Any CPU
	EndGlobalSection
	GlobalSection(SolutionProperties) = preSolution
		HideSolutionNode = FALSE
	EndGlobalSection
	GlobalSection(ExtensibilityGlobals) = postSolution
		SolutionGuid = {74EEB97D-EC37-4E9B-95B8-14833840E1B7}
	EndGlobalSection
EndGlobal
