
Microsoft Visual Studio Solution File, Format Version 12.00
# Visual Studio Version 17
VisualStudioVersion = 17.11.35312.102
MinimumVisualStudioVersion = 10.0.40219.1
Project("{FAE04EC0-301F-11D3-BF4B-00C04F79EFBC}") = "DependencyInjectionDemo", "DependencyInjectionDemo.csproj", "{F662FFD1-975F-4BE4-ACB4-AC63B7D7BDE4}"
EndProject
Global
	GlobalSection(SolutionConfigurationPlatforms) = preSolution
		Debug|Any CPU = Debug|Any CPU
		Release|Any CPU = Release|Any CPU
	EndGlobalSection
	GlobalSection(ProjectConfigurationPlatforms) = postSolution
		{F662FFD1-975F-4BE4-ACB4-AC63B7D7BDE4}.Debug|Any CPU.ActiveCfg = Debug|Any CPU
		{F662FFD1-975F-4BE4-ACB4-AC63B7D7BDE4}.Debug|Any CPU.Build.0 = Debug|Any CPU
		{F662FFD1-975F-4BE4-ACB4-AC63B7D7BDE4}.Release|Any CPU.ActiveCfg = Release|Any CPU
		{F662FFD1-975F-4BE4-ACB4-AC63B7D7BDE4}.Release|Any CPU.Build.0 = Release|Any CPU
	EndGlobalSection
	GlobalSection(SolutionProperties) = preSolution
		HideSolutionNode = FALSE
	EndGlobalSection
	GlobalSection(ExtensibilityGlobals) = postSolution
		SolutionGuid = {797A8173-B4BA-4689-B80E-BD0C66DA4A03}
	EndGlobalSection
EndGlobal
